// !$*UTF8*$!
{
	archiveVersion = 1;
	classes = {
	};
	objectVersion = 50;
	objects = {

/* Begin PBXBuildFile section */
		420C212D232552FE004520ED /* DataFlowModelTest2.swift in Sources */ = {isa = PBXBuildFile; fileRef = 420C212C232552FE004520ED /* DataFlowModelTest2.swift */; };
		420CA39C2336014800E89E7E /* WebViewTest.swift in Sources */ = {isa = PBXBuildFile; fileRef = 420CA39B2336014700E89E7E /* WebViewTest.swift */; };
		420CA3A32336076700E89E7E /* UIKitVCRepresentable.swift in Sources */ = {isa = PBXBuildFile; fileRef = 420CA39F2336076700E89E7E /* UIKitVCRepresentable.swift */; };
		420CA3A52336076700E89E7E /* UIKitViewController.swift in Sources */ = {isa = PBXBuildFile; fileRef = 420CA3A12336076700E89E7E /* UIKitViewController.swift */; };
		421B68C123311B0A005EF0B7 /* ShowDetailView.swift in Sources */ = {isa = PBXBuildFile; fileRef = 421B68C023311B0A005EF0B7 /* ShowDetailView.swift */; };
		42393DEB2333D2AC007C1B06 /* ViewsTest.swift in Sources */ = {isa = PBXBuildFile; fileRef = 42393DEA2333D2AC007C1B06 /* ViewsTest.swift */; };
		429DA7B82323953D00B30CEB /* AppDelegate.swift in Sources */ = {isa = PBXBuildFile; fileRef = 429DA7B72323953D00B30CEB /* AppDelegate.swift */; };
		429DA7BA2323953D00B30CEB /* SceneDelegate.swift in Sources */ = {isa = PBXBuildFile; fileRef = 429DA7B92323953D00B30CEB /* SceneDelegate.swift */; };
		429DA7BC2323953D00B30CEB /* ContentView.swift in Sources */ = {isa = PBXBuildFile; fileRef = 429DA7BB2323953D00B30CEB /* ContentView.swift */; };
		429DA7BE2323954000B30CEB /* Assets.xcassets in Resources */ = {isa = PBXBuildFile; fileRef = 429DA7BD2323954000B30CEB /* Assets.xcassets */; };
		429DA7C12323954000B30CEB /* Preview Assets.xcassets in Resources */ = {isa = PBXBuildFile; fileRef = 429DA7C02323954000B30CEB /* Preview Assets.xcassets */; };
		429DA7C42323954000B30CEB /* LaunchScreen.storyboard in Resources */ = {isa = PBXBuildFile; fileRef = 429DA7C22323954000B30CEB /* LaunchScreen.storyboard */; };
		429DA7CC2323991A00B30CEB /* DataFlowTest.swift in Sources */ = {isa = PBXBuildFile; fileRef = 429DA7CB2323991900B30CEB /* DataFlowTest.swift */; };
		429DA7D02323DCE700B30CEB /* DataFlowModelTest.swift in Sources */ = {isa = PBXBuildFile; fileRef = 429DA7CF2323DCE700B30CEB /* DataFlowModelTest.swift */; };
		429DA7D22323DD0900B30CEB /* UserData.swift in Sources */ = {isa = PBXBuildFile; fileRef = 429DA7D12323DD0900B30CEB /* UserData.swift */; };
		42A6CF232326A8280057902F /* StackTest.swift in Sources */ = {isa = PBXBuildFile; fileRef = 42A6CF222326A8280057902F /* StackTest.swift */; };
		42CDBD2A232DFEC2009E5748 /* FormTest.swift in Sources */ = {isa = PBXBuildFile; fileRef = 42CDBD29232DFEC2009E5748 /* FormTest.swift */; };
		42CDBD2C232E009A009E5748 /* AnimationTest.swift in Sources */ = {isa = PBXBuildFile; fileRef = 42CDBD2B232E009A009E5748 /* AnimationTest.swift */; };
/* End PBXBuildFile section */

/* Begin PBXFileReference section */
		420C212C232552FE004520ED /* DataFlowModelTest2.swift */ = {isa = PBXFileReference; lastKnownFileType = sourcecode.swift; path = DataFlowModelTest2.swift; sourceTree = "<group>"; };
		420CA39B2336014700E89E7E /* WebViewTest.swift */ = {isa = PBXFileReference; fileEncoding = 4; lastKnownFileType = sourcecode.swift; path = WebViewTest.swift; sourceTree = "<group>"; };
		420CA39F2336076700E89E7E /* UIKitVCRepresentable.swift */ = {isa = PBXFileReference; fileEncoding = 4; lastKnownFileType = sourcecode.swift; path = UIKitVCRepresentable.swift; sourceTree = "<group>"; };
		420CA3A12336076700E89E7E /* UIKitViewController.swift */ = {isa = PBXFileReference; fileEncoding = 4; lastKnownFileType = sourcecode.swift; path = UIKitViewController.swift; sourceTree = "<group>"; };
		421B68C023311B0A005EF0B7 /* ShowDetailView.swift */ = {isa = PBXFileReference; lastKnownFileType = sourcecode.swift; path = ShowDetailView.swift; sourceTree = "<group>"; };
		42393DEA2333D2AC007C1B06 /* ViewsTest.swift */ = {isa = PBXFileReference; lastKnownFileType = sourcecode.swift; path = ViewsTest.swift; sourceTree = "<group>"; };
		429DA7B42323953D00B30CEB /* SwiftUITestInBeta7.app */ = {isa = PBXFileReference; explicitFileType = wrapper.application; includeInIndex = 0; path = SwiftUITestInBeta7.app; sourceTree = BUILT_PRODUCTS_DIR; };
		429DA7B72323953D00B30CEB /* AppDelegate.swift */ = {isa = PBXFileReference; lastKnownFileType = sourcecode.swift; path = AppDelegate.swift; sourceTree = "<group>"; };
		429DA7B92323953D00B30CEB /* SceneDelegate.swift */ = {isa = PBXFileReference; lastKnownFileType = sourcecode.swift; path = SceneDelegate.swift; sourceTree = "<group>"; };
		429DA7BB2323953D00B30CEB /* ContentView.swift */ = {isa = PBXFileReference; lastKnownFileType = sourcecode.swift; path = ContentView.swift; sourceTree = "<group>"; };
		429DA7BD2323954000B30CEB /* Assets.xcassets */ = {isa = PBXFileReference; lastKnownFileType = folder.assetcatalog; path = Assets.xcassets; sourceTree = "<group>"; };
		429DA7C02323954000B30CEB /* Preview Assets.xcassets */ = {isa = PBXFileReference; lastKnownFileType = folder.assetcatalog; path = "Preview Assets.xcassets"; sourceTree = "<group>"; };
		429DA7C32323954000B30CEB /* Base */ = {isa = PBXFileReference; lastKnownFileType = file.storyboard; name = Base; path = Base.lproj/LaunchScreen.storyboard; sourceTree = "<group>"; };
		429DA7C52323954000B30CEB /* Info.plist */ = {isa = PBXFileReference; lastKnownFileType = text.plist.xml; path = Info.plist; sourceTree = "<group>"; };
		429DA7CB2323991900B30CEB /* DataFlowTest.swift */ = {isa = PBXFileReference; lastKnownFileType = sourcecode.swift; path = DataFlowTest.swift; sourceTree = "<group>"; };
		429DA7CF2323DCE700B30CEB /* DataFlowModelTest.swift */ = {isa = PBXFileReference; lastKnownFileType = sourcecode.swift; path = DataFlowModelTest.swift; sourceTree = "<group>"; };
		429DA7D12323DD0900B30CEB /* UserData.swift */ = {isa = PBXFileReference; lastKnownFileType = sourcecode.swift; path = UserData.swift; sourceTree = "<group>"; };
		42A6CF222326A8280057902F /* StackTest.swift */ = {isa = PBXFileReference; lastKnownFileType = sourcecode.swift; path = StackTest.swift; sourceTree = "<group>"; };
		42CDBD29232DFEC2009E5748 /* FormTest.swift */ = {isa = PBXFileReference; lastKnownFileType = sourcecode.swift; path = FormTest.swift; sourceTree = "<group>"; };
		42CDBD2B232E009A009E5748 /* AnimationTest.swift */ = {isa = PBXFileReference; lastKnownFileType = sourcecode.swift; path = AnimationTest.swift; sourceTree = "<group>"; };
/* End PBXFileReference section */

/* Begin PBXFrameworksBuildPhase section */
		429DA7B12323953D00B30CEB /* Frameworks */ = {
			isa = PBXFrameworksBuildPhase;
			buildActionMask = 2147483647;
			files = (
			);
			runOnlyForDeploymentPostprocessing = 0;
		};
/* End PBXFrameworksBuildPhase section */

/* Begin PBXGroup section */
		420CA39D2336076700E89E7E /* OpenUIKitVC */ = {
			isa = PBXGroup;
			children = (
				420CA39F2336076700E89E7E /* UIKitVCRepresentable.swift */,
				420CA3A12336076700E89E7E /* UIKitViewController.swift */,
			);
			path = OpenUIKitVC;
			sourceTree = "<group>";
		};
		429DA7AB2323953D00B30CEB = {
			isa = PBXGroup;
			children = (
				429DA7B62323953D00B30CEB /* SwiftUITestInBeta7 */,
				429DA7B52323953D00B30CEB /* Products */,
			);
			sourceTree = "<group>";
		};
		429DA7B52323953D00B30CEB /* Products */ = {
			isa = PBXGroup;
			children = (
				429DA7B42323953D00B30CEB /* SwiftUITestInBeta7.app */,
			);
			name = Products;
			sourceTree = "<group>";
		};
		429DA7B62323953D00B30CEB /* SwiftUITestInBeta7 */ = {
			isa = PBXGroup;
			children = (
				429DA7B72323953D00B30CEB /* AppDelegate.swift */,
				429DA7B92323953D00B30CEB /* SceneDelegate.swift */,
				429DA7BB2323953D00B30CEB /* ContentView.swift */,
				42393DEA2333D2AC007C1B06 /* ViewsTest.swift */,
				42A6CF222326A8280057902F /* StackTest.swift */,
				42CDBD29232DFEC2009E5748 /* FormTest.swift */,
				429DA7CB2323991900B30CEB /* DataFlowTest.swift */,
				429DA7CF2323DCE700B30CEB /* DataFlowModelTest.swift */,
				420C212C232552FE004520ED /* DataFlowModelTest2.swift */,
				429DA7D12323DD0900B30CEB /* UserData.swift */,
				42CDBD2B232E009A009E5748 /* AnimationTest.swift */,
				421B68C023311B0A005EF0B7 /* ShowDetailView.swift */,
				420CA39B2336014700E89E7E /* WebViewTest.swift */,
				420CA39D2336076700E89E7E /* OpenUIKitVC */,
				429DA7BD2323954000B30CEB /* Assets.xcassets */,
				429DA7C22323954000B30CEB /* LaunchScreen.storyboard */,
				429DA7C52323954000B30CEB /* Info.plist */,
				429DA7BF2323954000B30CEB /* Preview Content */,
			);
			path = SwiftUITestInBeta7;
			sourceTree = "<group>";
		};
		429DA7BF2323954000B30CEB /* Preview Content */ = {
			isa = PBXGroup;
			children = (
				429DA7C02323954000B30CEB /* Preview Assets.xcassets */,
			);
			path = "Preview Content";
			sourceTree = "<group>";
		};
/* End PBXGroup section */

/* Begin PBXNativeTarget section */
		429DA7B32323953D00B30CEB /* SwiftUITestInBeta7 */ = {
			isa = PBXNativeTarget;
			buildConfigurationList = 429DA7C82323954000B30CEB /* Build configuration list for PBXNativeTarget "SwiftUITestInBeta7" */;
			buildPhases = (
				429DA7B02323953D00B30CEB /* Sources */,
				429DA7B12323953D00B30CEB /* Frameworks */,
				429DA7B22323953D00B30CEB /* Resources */,
			);
			buildRules = (
			);
			dependencies = (
			);
			name = SwiftUITestInBeta7;
			productName = SwiftUITestInBeta7;
			productReference = 429DA7B42323953D00B30CEB /* SwiftUITestInBeta7.app */;
			productType = "com.apple.product-type.application";
		};
/* End PBXNativeTarget section */

/* Begin PBXProject section */
		429DA7AC2323953D00B30CEB /* Project object */ = {
			isa = PBXProject;
			attributes = {
				LastSwiftUpdateCheck = 1100;
				LastUpgradeCheck = 1100;
				ORGANIZATIONNAME = bytedance;
				TargetAttributes = {
					429DA7B32323953D00B30CEB = {
						CreatedOnToolsVersion = 11.0;
					};
				};
			};
			buildConfigurationList = 429DA7AF2323953D00B30CEB /* Build configuration list for PBXProject "SwiftUITestInBeta7" */;
			compatibilityVersion = "Xcode 9.3";
			developmentRegion = en;
			hasScannedForEncodings = 0;
			knownRegions = (
				en,
				Base,
			);
			mainGroup = 429DA7AB2323953D00B30CEB;
			productRefGroup = 429DA7B52323953D00B30CEB /* Products */;
			projectDirPath = "";
			projectRoot = "";
			targets = (
				429DA7B32323953D00B30CEB /* SwiftUITestInBeta7 */,
			);
		};
/* End PBXProject section */

/* Begin PBXResourcesBuildPhase section */
		429DA7B22323953D00B30CEB /* Resources */ = {
			isa = PBXResourcesBuildPhase;
			buildActionMask = 2147483647;
			files = (
				429DA7C42323954000B30CEB /* LaunchScreen.storyboard in Resources */,
				429DA7C12323954000B30CEB /* Preview Assets.xcassets in Resources */,
				429DA7BE2323954000B30CEB /* Assets.xcassets in Resources */,
			);
			runOnlyForDeploymentPostprocessing = 0;
		};
/* End PBXResourcesBuildPhase section */

/* Begin PBXSourcesBuildPhase section */
		429DA7B02323953D00B30CEB /* Sources */ = {
			isa = PBXSourcesBuildPhase;
			buildActionMask = 2147483647;
			files = (
				420CA3A32336076700E89E7E /* UIKitVCRepresentable.swift in Sources */,
				42CDBD2C232E009A009E5748 /* AnimationTest.swift in Sources */,
				42A6CF232326A8280057902F /* StackTest.swift in Sources */,
				42393DEB2333D2AC007C1B06 /* ViewsTest.swift in Sources */,
				420C212D232552FE004520ED /* DataFlowModelTest2.swift in Sources */,
				429DA7D22323DD0900B30CEB /* UserData.swift in Sources */,
				429DA7B82323953D00B30CEB /* AppDelegate.swift in Sources */,
				429DA7BA2323953D00B30CEB /* SceneDelegate.swift in Sources */,
				421B68C123311B0A005EF0B7 /* ShowDetailView.swift in Sources */,
				429DA7BC2323953D00B30CEB /* ContentView.swift in Sources */,
				420CA3A52336076700E89E7E /* UIKitViewController.swift in Sources */,
				420CA39C2336014800E89E7E /* WebViewTest.swift in Sources */,
				42CDBD2A232DFEC2009E5748 /* FormTest.swift in Sources */,
				429DA7D02323DCE700B30CEB /* DataFlowModelTest.swift in Sources */,
				429DA7CC2323991A00B30CEB /* DataFlowTest.swift in Sources */,
			);
			runOnlyForDeploymentPostprocessing = 0;
		};
/* End PBXSourcesBuildPhase section */

/* Begin PBXVariantGroup section */
		429DA7C22323954000B30CEB /* LaunchScreen.storyboard */ = {
			isa = PBXVariantGroup;
			children = (
				429DA7C32323954000B30CEB /* Base */,
			);
			name = LaunchScreen.storyboard;
			sourceTree = "<group>";
		};
/* End PBXVariantGroup section */

/* Begin XCBuildConfiguration section */
		429DA7C62323954000B30CEB /* Debug */ = {
			isa = XCBuildConfiguration;
			buildSettings = {
				ALWAYS_SEARCH_USER_PATHS = NO;
				CLANG_ANALYZER_NONNULL = YES;
				CLANG_ANALYZER_NUMBER_OBJECT_CONVERSION = YES_AGGRESSIVE;
				CLANG_CXX_LANGUAGE_STANDARD = "gnu++14";
				CLANG_CXX_LIBRARY = "libc++";
				CLANG_ENABLE_MODULES = YES;
				CLANG_ENABLE_OBJC_ARC = YES;
				CLANG_ENABLE_OBJC_WEAK = YES;
				CLANG_WARN_BLOCK_CAPTURE_AUTORELEASING = YES;
				CLANG_WARN_BOOL_CONVERSION = YES;
				CLANG_WARN_COMMA = YES;
				CLANG_WARN_CONSTANT_CONVERSION = YES;
				CLANG_WARN_DEPRECATED_OBJC_IMPLEMENTATIONS = YES;
				CLANG_WARN_DIRECT_OBJC_ISA_USAGE = YES_ERROR;
				CLANG_WARN_DOCUMENTATION_COMMENTS = YES;
				CLANG_WARN_EMPTY_BODY = YES;
				CLANG_WARN_ENUM_CONVERSION = YES;
				CLANG_WARN_INFINITE_RECURSION = YES;
				CLANG_WARN_INT_CONVERSION = YES;
				CLANG_WARN_NON_LITERAL_NULL_CONVERSION = YES;
				CLANG_WARN_OBJC_IMPLICIT_RETAIN_SELF = YES;
				CLANG_WARN_OBJC_LITERAL_CONVERSION = YES;
				CLANG_WARN_OBJC_ROOT_CLASS = YES_ERROR;
				CLANG_WARN_RANGE_LOOP_ANALYSIS = YES;
				CLANG_WARN_STRICT_PROTOTYPES = YES;
				CLANG_WARN_SUSPICIOUS_MOVE = YES;
				CLANG_WARN_UNGUARDED_AVAILABILITY = YES_AGGRESSIVE;
				CLANG_WARN_UNREACHABLE_CODE = YES;
				CLANG_WARN__DUPLICATE_METHOD_MATCH = YES;
				COPY_PHASE_STRIP = NO;
				DEBUG_INFORMATION_FORMAT = dwarf;
				ENABLE_STRICT_OBJC_MSGSEND = YES;
				ENABLE_TESTABILITY = YES;
				GCC_C_LANGUAGE_STANDARD = gnu11;
				GCC_DYNAMIC_NO_PIC = NO;
				GCC_NO_COMMON_BLOCKS = YES;
				GCC_OPTIMIZATION_LEVEL = 0;
				GCC_PREPROCESSOR_DEFINITIONS = (
					"DEBUG=1",
					"$(inherited)",
				);
				GCC_WARN_64_TO_32_BIT_CONVERSION = YES;
				GCC_WARN_ABOUT_RETURN_TYPE = YES_ERROR;
				GCC_WARN_UNDECLARED_SELECTOR = YES;
				GCC_WARN_UNINITIALIZED_AUTOS = YES_AGGRESSIVE;
				GCC_WARN_UNUSED_FUNCTION = YES;
				GCC_WARN_UNUSED_VARIABLE = YES;
				IPHONEOS_DEPLOYMENT_TARGET = 13.0;
				MTL_ENABLE_DEBUG_INFO = INCLUDE_SOURCE;
				MTL_FAST_MATH = YES;
				ONLY_ACTIVE_ARCH = YES;
				SDKROOT = iphoneos;
				SWIFT_ACTIVE_COMPILATION_CONDITIONS = DEBUG;
				SWIFT_OPTIMIZATION_LEVEL = "-Onone";
			};
			name = Debug;
		};
		429DA7C72323954000B30CEB /* Release */ = {
			isa = XCBuildConfiguration;
			buildSettings = {
				ALWAYS_SEARCH_USER_PATHS = NO;
				CLANG_ANALYZER_NONNULL = YES;
				CLANG_ANALYZER_NUMBER_OBJECT_CONVERSION = YES_AGGRESSIVE;
				CLANG_CXX_LANGUAGE_STANDARD = "gnu++14";
				CLANG_CXX_LIBRARY = "libc++";
				CLANG_ENABLE_MODULES = YES;
				CLANG_ENABLE_OBJC_ARC = YES;
				CLANG_ENABLE_OBJC_WEAK = YES;
				CLANG_WARN_BLOCK_CAPTURE_AUTORELEASING = YES;
				CLANG_WARN_BOOL_CONVERSION = YES;
				CLANG_WARN_COMMA = YES;
				CLANG_WARN_CONSTANT_CONVERSION = YES;
				CLANG_WARN_DEPRECATED_OBJC_IMPLEMENTATIONS = YES;
				CLANG_WARN_DIRECT_OBJC_ISA_USAGE = YES_ERROR;
				CLANG_WARN_DOCUMENTATION_COMMENTS = YES;
				CLANG_WARN_EMPTY_BODY = YES;
				CLANG_WARN_ENUM_CONVERSION = YES;
				CLANG_WARN_INFINITE_RECURSION = YES;
				CLANG_WARN_INT_CONVERSION = YES;
				CLANG_WARN_NON_LITERAL_NULL_CONVERSION = YES;
				CLANG_WARN_OBJC_IMPLICIT_RETAIN_SELF = YES;
				CLANG_WARN_OBJC_LITERAL_CONVERSION = YES;
				CLANG_WARN_OBJC_ROOT_CLASS = YES_ERROR;
				CLANG_WARN_RANGE_LOOP_ANALYSIS = YES;
				CLANG_WARN_STRICT_PROTOTYPES = YES;
				CLANG_WARN_SUSPICIOUS_MOVE = YES;
				CLANG_WARN_UNGUARDED_AVAILABILITY = YES_AGGRESSIVE;
				CLANG_WARN_UNREACHABLE_CODE = YES;
				CLANG_WARN__DUPLICATE_METHOD_MATCH = YES;
				COPY_PHASE_STRIP = NO;
				DEBUG_INFORMATION_FORMAT = "dwarf-with-dsym";
				ENABLE_NS_ASSERTIONS = NO;
				ENABLE_STRICT_OBJC_MSGSEND = YES;
				GCC_C_LANGUAGE_STANDARD = gnu11;
				GCC_NO_COMMON_BLOCKS = YES;
				GCC_WARN_64_TO_32_BIT_CONVERSION = YES;
				GCC_WARN_ABOUT_RETURN_TYPE = YES_ERROR;
				GCC_WARN_UNDECLARED_SELECTOR = YES;
				GCC_WARN_UNINITIALIZED_AUTOS = YES_AGGRESSIVE;
				GCC_WARN_UNUSED_FUNCTION = YES;
				GCC_WARN_UNUSED_VARIABLE = YES;
				IPHONEOS_DEPLOYMENT_TARGET = 13.0;
				MTL_ENABLE_DEBUG_INFO = NO;
				MTL_FAST_MATH = YES;
				SDKROOT = iphoneos;
				SWIFT_COMPILATION_MODE = wholemodule;
				SWIFT_OPTIMIZATION_LEVEL = "-O";
				VALIDATE_PRODUCT = YES;
			};
			name = Release;
		};
		429DA7C92323954000B30CEB /* Debug */ = {
			isa = XCBuildConfiguration;
			buildSettings = {
				ASSETCATALOG_COMPILER_APPICON_NAME = AppIcon;
				CODE_SIGN_STYLE = Automatic;
				DEVELOPMENT_ASSET_PATHS = "\"SwiftUITestInBeta7/Preview Content\"";
				ENABLE_PREVIEWS = YES;
				INFOPLIST_FILE = SwiftUITestInBeta7/Info.plist;
				LD_RUNPATH_SEARCH_PATHS = (
					"$(inherited)",
					"@executable_path/Frameworks",
				);
				PRODUCT_BUNDLE_IDENTIFIER = com.bytedance.SwiftUITestInBeta7;
				PRODUCT_NAME = "$(TARGET_NAME)";
				SWIFT_VERSION = 5.0;
				TARGETED_DEVICE_FAMILY = "1,2";
			};
			name = Debug;
		};
		429DA7CA2323954000B30CEB /* Release */ = {
			isa = XCBuildConfiguration;
			buildSettings = {
				ASSETCATALOG_COMPILER_APPICON_NAME = AppIcon;
				CODE_SIGN_STYLE = Automatic;
				DEVELOPMENT_ASSET_PATHS = "\"SwiftUITestInBeta7/Preview Content\"";
				ENABLE_PREVIEWS = YES;
				INFOPLIST_FILE = SwiftUITestInBeta7/Info.plist;
				LD_RUNPATH_SEARCH_PATHS = (
					"$(inherited)",
					"@executable_path/Frameworks",
				);
				PRODUCT_BUNDLE_IDENTIFIER = com.bytedance.SwiftUITestInBeta7;
				PRODUCT_NAME = "$(TARGET_NAME)";
				SWIFT_VERSION = 5.0;
				TARGETED_DEVICE_FAMILY = "1,2";
			};
			name = Release;
		};
/* End XCBuildConfiguration section */

/* Begin XCConfigurationList section */
		429DA7AF2323953D00B30CEB /* Build configuration list for PBXProject "SwiftUITestInBeta7" */ = {
			isa = XCConfigurationList;
			buildConfigurations = (
				429DA7C62323954000B30CEB /* Debug */,
				429DA7C72323954000B30CEB /* Release */,
			);
			defaultConfigurationIsVisible = 0;
			defaultConfigurationName = Release;
		};
		429DA7C82323954000B30CEB /* Build configuration list for PBXNativeTarget "SwiftUITestInBeta7" */ = {
			isa = XCConfigurationList;
			buildConfigurations = (
				429DA7C92323954000B30CEB /* Debug */,
				429DA7CA2323954000B30CEB /* Release */,
			);
			defaultConfigurationIsVisible = 0;
			defaultConfigurationName = Release;
		};
/* End XCConfigurationList section */
	};
	rootObject = 429DA7AC2323953D00B30CEB /* Project object */;
}
